// !$*UTF8*$!
{
	archiveVersion = 1;
	classes = {
	};
	objectVersion = 56;
	objects = {

/* Begin PBXBuildFile section */
		A4EC62932AB88E0A006ECC8C /* IOSArchitectureTests.swift in Sources */ = {isa = PBXBuildFile; fileRef = A4EC62922AB88E0A006ECC8C /* IOSArchitectureTests.swift */; };
		A4EC629D2AB88E0A006ECC8C /* IOSArchitectureUITests.swift in Sources */ = {isa = PBXBuildFile; fileRef = A4EC629C2AB88E0A006ECC8C /* IOSArchitectureUITests.swift */; };
		A4EC629F2AB88E0A006ECC8C /* IOSArchitectureUITestsLaunchTests.swift in Sources */ = {isa = PBXBuildFile; fileRef = A4EC629E2AB88E0A006ECC8C /* IOSArchitectureUITestsLaunchTests.swift */; };
		A4EC62AC2AB89022006ECC8C /* LoginUseCase.swift in Sources */ = {isa = PBXBuildFile; fileRef = A4EC62AB2AB89022006ECC8C /* LoginUseCase.swift */; };
		A4EC62AE2AB890C5006ECC8C /* LoginPresenter.swift in Sources */ = {isa = PBXBuildFile; fileRef = A4EC62AD2AB890C5006ECC8C /* LoginPresenter.swift */; };
		A4EC62B02AB890E6006ECC8C /* CrashlyticsLoginTracker.swift in Sources */ = {isa = PBXBuildFile; fileRef = A4EC62AF2AB890E6006ECC8C /* CrashlyticsLoginTracker.swift */; };
		A4EC62B22AB891E3006ECC8C /* FirebaseLoginTracker.swift in Sources */ = {isa = PBXBuildFile; fileRef = A4EC62B12AB891E3006ECC8C /* FirebaseLoginTracker.swift */; };
		A4EC62B82AB896FC006ECC8C /* ComposeLoginUseCase.swift in Sources */ = {isa = PBXBuildFile; fileRef = A4EC62B72AB896FC006ECC8C /* ComposeLoginUseCase.swift */; };
		A4EC62BA2AB89890006ECC8C /* ComposeLoginUseCaseTest.swift in Sources */ = {isa = PBXBuildFile; fileRef = A4EC62B52AB893AD006ECC8C /* ComposeLoginUseCaseTest.swift */; };
/* End PBXBuildFile section */

/* Begin PBXContainerItemProxy section */
		A4EC628F2AB88E0A006ECC8C /* PBXContainerItemProxy */ = {
			isa = PBXContainerItemProxy;
			containerPortal = A4EC62702AB88E07006ECC8C /* Project object */;
			proxyType = 1;
			remoteGlobalIDString = A4EC62772AB88E08006ECC8C;
			remoteInfo = IOSArchitecture;
		};
		A4EC62992AB88E0A006ECC8C /* PBXContainerItemProxy */ = {
			isa = PBXContainerItemProxy;
			containerPortal = A4EC62702AB88E07006ECC8C /* Project object */;
			proxyType = 1;
			remoteGlobalIDString = A4EC62772AB88E08006ECC8C;
			remoteInfo = IOSArchitecture;
		};
/* End PBXContainerItemProxy section */

/* Begin PBXFileReference section */
		A4EC62782AB88E08006ECC8C /* IOSArchitecture.app */ = {isa = PBXFileReference; explicitFileType = wrapper.application; includeInIndex = 0; path = IOSArchitecture.app; sourceTree = BUILT_PRODUCTS_DIR; };
		A4EC62892AB88E09006ECC8C /* Info.plist */ = {isa = PBXFileReference; lastKnownFileType = text.plist.xml; path = Info.plist; sourceTree = "<group>"; };
		A4EC628E2AB88E0A006ECC8C /* IOSArchitectureTests.xctest */ = {isa = PBXFileReference; explicitFileType = wrapper.cfbundle; includeInIndex = 0; path = IOSArchitectureTests.xctest; sourceTree = BUILT_PRODUCTS_DIR; };
		A4EC62922AB88E0A006ECC8C /* IOSArchitectureTests.swift */ = {isa = PBXFileReference; lastKnownFileType = sourcecode.swift; path = IOSArchitectureTests.swift; sourceTree = "<group>"; };
		A4EC62982AB88E0A006ECC8C /* IOSArchitectureUITests.xctest */ = {isa = PBXFileReference; explicitFileType = wrapper.cfbundle; includeInIndex = 0; path = IOSArchitectureUITests.xctest; sourceTree = BUILT_PRODUCTS_DIR; };
		A4EC629C2AB88E0A006ECC8C /* IOSArchitectureUITests.swift */ = {isa = PBXFileReference; lastKnownFileType = sourcecode.swift; path = IOSArchitectureUITests.swift; sourceTree = "<group>"; };
		A4EC629E2AB88E0A006ECC8C /* IOSArchitectureUITestsLaunchTests.swift */ = {isa = PBXFileReference; lastKnownFileType = sourcecode.swift; path = IOSArchitectureUITestsLaunchTests.swift; sourceTree = "<group>"; };
		A4EC62AB2AB89022006ECC8C /* LoginUseCase.swift */ = {isa = PBXFileReference; lastKnownFileType = sourcecode.swift; path = LoginUseCase.swift; sourceTree = "<group>"; };
		A4EC62AD2AB890C5006ECC8C /* LoginPresenter.swift */ = {isa = PBXFileReference; lastKnownFileType = sourcecode.swift; path = LoginPresenter.swift; sourceTree = "<group>"; };
		A4EC62AF2AB890E6006ECC8C /* CrashlyticsLoginTracker.swift */ = {isa = PBXFileReference; lastKnownFileType = sourcecode.swift; path = CrashlyticsLoginTracker.swift; sourceTree = "<group>"; };
		A4EC62B12AB891E3006ECC8C /* FirebaseLoginTracker.swift */ = {isa = PBXFileReference; lastKnownFileType = sourcecode.swift; path = FirebaseLoginTracker.swift; sourceTree = "<group>"; };
		A4EC62B52AB893AD006ECC8C /* ComposeLoginUseCaseTest.swift */ = {isa = PBXFileReference; lastKnownFileType = sourcecode.swift; path = ComposeLoginUseCaseTest.swift; sourceTree = "<group>"; };
		A4EC62B72AB896FC006ECC8C /* ComposeLoginUseCase.swift */ = {isa = PBXFileReference; lastKnownFileType = sourcecode.swift; path = ComposeLoginUseCase.swift; sourceTree = "<group>"; };
/* End PBXFileReference section */

/* Begin PBXFrameworksBuildPhase section */
		A4EC62752AB88E08006ECC8C /* Frameworks */ = {
			isa = PBXFrameworksBuildPhase;
			buildActionMask = 2147483647;
			files = (
			);
			runOnlyForDeploymentPostprocessing = 0;
		};
		A4EC628B2AB88E0A006ECC8C /* Frameworks */ = {
			isa = PBXFrameworksBuildPhase;
			buildActionMask = 2147483647;
			files = (
			);
			runOnlyForDeploymentPostprocessing = 0;
		};
		A4EC62952AB88E0A006ECC8C /* Frameworks */ = {
			isa = PBXFrameworksBuildPhase;
			buildActionMask = 2147483647;
			files = (
			);
			runOnlyForDeploymentPostprocessing = 0;
		};
/* End PBXFrameworksBuildPhase section */

/* Begin PBXGroup section */
		A4EC626F2AB88E07006ECC8C = {
			isa = PBXGroup;
			children = (
				A4EC627A2AB88E08006ECC8C /* IOSArchitecture */,
				A4EC62912AB88E0A006ECC8C /* IOSArchitectureTests */,
				A4EC629B2AB88E0A006ECC8C /* IOSArchitectureUITests */,
				A4EC62792AB88E08006ECC8C /* Products */,
			);
			sourceTree = "<group>";
		};
		A4EC62792AB88E08006ECC8C /* Products */ = {
			isa = PBXGroup;
			children = (
				A4EC62782AB88E08006ECC8C /* IOSArchitecture.app */,
				A4EC628E2AB88E0A006ECC8C /* IOSArchitectureTests.xctest */,
				A4EC62982AB88E0A006ECC8C /* IOSArchitectureUITests.xctest */,
			);
			name = Products;
			sourceTree = "<group>";
		};
		A4EC627A2AB88E08006ECC8C /* IOSArchitecture */ = {
			isa = PBXGroup;
			children = (
				A4EC62892AB88E09006ECC8C /* Info.plist */,
				A4EC62AB2AB89022006ECC8C /* LoginUseCase.swift */,
				A4EC62AD2AB890C5006ECC8C /* LoginPresenter.swift */,
				A4EC62AF2AB890E6006ECC8C /* CrashlyticsLoginTracker.swift */,
				A4EC62B12AB891E3006ECC8C /* FirebaseLoginTracker.swift */,
				A4EC62B72AB896FC006ECC8C /* ComposeLoginUseCase.swift */,
			);
			path = IOSArchitecture;
			sourceTree = "<group>";
		};
		A4EC62912AB88E0A006ECC8C /* IOSArchitectureTests */ = {
			isa = PBXGroup;
			children = (
				A4EC62B52AB893AD006ECC8C /* ComposeLoginUseCaseTest.swift */,
				A4EC62922AB88E0A006ECC8C /* IOSArchitectureTests.swift */,
			);
			path = IOSArchitectureTests;
			sourceTree = "<group>";
		};
		A4EC629B2AB88E0A006ECC8C /* IOSArchitectureUITests */ = {
			isa = PBXGroup;
			children = (
				A4EC629C2AB88E0A006ECC8C /* IOSArchitectureUITests.swift */,
				A4EC629E2AB88E0A006ECC8C /* IOSArchitectureUITestsLaunchTests.swift */,
			);
			path = IOSArchitectureUITests;
			sourceTree = "<group>";
		};
/* End PBXGroup section */

/* Begin PBXNativeTarget section */
		A4EC62772AB88E08006ECC8C /* IOSArchitecture */ = {
			isa = PBXNativeTarget;
			buildConfigurationList = A4EC62A22AB88E0A006ECC8C /* Build configuration list for PBXNativeTarget "IOSArchitecture" */;
			buildPhases = (
				A4EC62742AB88E08006ECC8C /* Sources */,
				A4EC62752AB88E08006ECC8C /* Frameworks */,
				A4EC62762AB88E08006ECC8C /* Resources */,
			);
			buildRules = (
			);
			dependencies = (
			);
			name = IOSArchitecture;
			productName = IOSArchitecture;
			productReference = A4EC62782AB88E08006ECC8C /* IOSArchitecture.app */;
			productType = "com.apple.product-type.application";
		};
		A4EC628D2AB88E0A006ECC8C /* IOSArchitectureTests */ = {
			isa = PBXNativeTarget;
			buildConfigurationList = A4EC62A52AB88E0A006ECC8C /* Build configuration list for PBXNativeTarget "IOSArchitectureTests" */;
			buildPhases = (
				A4EC628A2AB88E0A006ECC8C /* Sources */,
				A4EC628B2AB88E0A006ECC8C /* Frameworks */,
				A4EC628C2AB88E0A006ECC8C /* Resources */,
			);
			buildRules = (
			);
			dependencies = (
				A4EC62902AB88E0A006ECC8C /* PBXTargetDependency */,
			);
			name = IOSArchitectureTests;
			productName = IOSArchitectureTests;
			productReference = A4EC628E2AB88E0A006ECC8C /* IOSArchitectureTests.xctest */;
			productType = "com.apple.product-type.bundle.unit-test";
		};
		A4EC62972AB88E0A006ECC8C /* IOSArchitectureUITests */ = {
			isa = PBXNativeTarget;
			buildConfigurationList = A4EC62A82AB88E0A006ECC8C /* Build configuration list for PBXNativeTarget "IOSArchitectureUITests" */;
			buildPhases = (
				A4EC62942AB88E0A006ECC8C /* Sources */,
				A4EC62952AB88E0A006ECC8C /* Frameworks */,
				A4EC62962AB88E0A006ECC8C /* Resources */,
			);
			buildRules = (
			);
			dependencies = (
				A4EC629A2AB88E0A006ECC8C /* PBXTargetDependency */,
			);
			name = IOSArchitectureUITests;
			productName = IOSArchitectureUITests;
			productReference = A4EC62982AB88E0A006ECC8C /* IOSArchitectureUITests.xctest */;
			productType = "com.apple.product-type.bundle.ui-testing";
		};
/* End PBXNativeTarget section */

/* Begin PBXProject section */
		A4EC62702AB88E07006ECC8C /* Project object */ = {
			isa = PBXProject;
			attributes = {
				BuildIndependentTargetsInParallel = 1;
				LastSwiftUpdateCheck = 1430;
				LastUpgradeCheck = 1430;
				TargetAttributes = {
					A4EC62772AB88E08006ECC8C = {
						CreatedOnToolsVersion = 14.3.1;
					};
					A4EC628D2AB88E0A006ECC8C = {
						CreatedOnToolsVersion = 14.3.1;
						TestTargetID = A4EC62772AB88E08006ECC8C;
					};
					A4EC62972AB88E0A006ECC8C = {
						CreatedOnToolsVersion = 14.3.1;
						TestTargetID = A4EC62772AB88E08006ECC8C;
					};
				};
			};
			buildConfigurationList = A4EC62732AB88E07006ECC8C /* Build configuration list for PBXProject "IOSArchitecture" */;
			compatibilityVersion = "Xcode 14.0";
			developmentRegion = en;
			hasScannedForEncodings = 0;
			knownRegions = (
				en,
				Base,
			);
			mainGroup = A4EC626F2AB88E07006ECC8C;
			productRefGroup = A4EC62792AB88E08006ECC8C /* Products */;
			projectDirPath = "";
			projectRoot = "";
			targets = (
				A4EC62772AB88E08006ECC8C /* IOSArchitecture */,
				A4EC628D2AB88E0A006ECC8C /* IOSArchitectureTests */,
				A4EC62972AB88E0A006ECC8C /* IOSArchitectureUITests */,
			);
		};
/* End PBXProject section */

/* Begin PBXResourcesBuildPhase section */
		A4EC62762AB88E08006ECC8C /* Resources */ = {
			isa = PBXResourcesBuildPhase;
			buildActionMask = 2147483647;
			files = (
			);
			runOnlyForDeploymentPostprocessing = 0;
		};
		A4EC628C2AB88E0A006ECC8C /* Resources */ = {
			isa = PBXResourcesBuildPhase;
			buildActionMask = 2147483647;
			files = (
			);
			runOnlyForDeploymentPostprocessing = 0;
		};
		A4EC62962AB88E0A006ECC8C /* Resources */ = {
			isa = PBXResourcesBuildPhase;
			buildActionMask = 2147483647;
			files = (
			);
			runOnlyForDeploymentPostprocessing = 0;
		};
/* End PBXResourcesBuildPhase section */

/* Begin PBXSourcesBuildPhase section */
		A4EC62742AB88E08006ECC8C /* Sources */ = {
			isa = PBXSourcesBuildPhase;
			buildActionMask = 2147483647;
			files = (
				A4EC62B02AB890E6006ECC8C /* CrashlyticsLoginTracker.swift in Sources */,
				A4EC62B82AB896FC006ECC8C /* ComposeLoginUseCase.swift in Sources */,
				A4EC62B22AB891E3006ECC8C /* FirebaseLoginTracker.swift in Sources */,
				A4EC62AC2AB89022006ECC8C /* LoginUseCase.swift in Sources */,
				A4EC62AE2AB890C5006ECC8C /* LoginPresenter.swift in Sources */,
			);
			runOnlyForDeploymentPostprocessing = 0;
		};
		A4EC628A2AB88E0A006ECC8C /* Sources */ = {
			isa = PBXSourcesBuildPhase;
			buildActionMask = 2147483647;
			files = (
				A4EC62BA2AB89890006ECC8C /* ComposeLoginUseCaseTest.swift in Sources */,
				A4EC62932AB88E0A006ECC8C /* IOSArchitectureTests.swift in Sources */,
			);
			runOnlyForDeploymentPostprocessing = 0;
		};
		A4EC62942AB88E0A006ECC8C /* Sources */ = {
			isa = PBXSourcesBuildPhase;
			buildActionMask = 2147483647;
			files = (
				A4EC629D2AB88E0A006ECC8C /* IOSArchitectureUITests.swift in Sources */,
				A4EC629F2AB88E0A006ECC8C /* IOSArchitectureUITestsLaunchTests.swift in Sources */,
			);
			runOnlyForDeploymentPostprocessing = 0;
		};
/* End PBXSourcesBuildPhase section */

/* Begin PBXTargetDependency section */
		A4EC62902AB88E0A006ECC8C /* PBXTargetDependency */ = {
			isa = PBXTargetDependency;
			target = A4EC62772AB88E08006ECC8C /* IOSArchitecture */;
			targetProxy = A4EC628F2AB88E0A006ECC8C /* PBXContainerItemProxy */;
		};
		A4EC629A2AB88E0A006ECC8C /* PBXTargetDependency */ = {
			isa = PBXTargetDependency;
			target = A4EC62772AB88E08006ECC8C /* IOSArchitecture */;
			targetProxy = A4EC62992AB88E0A006ECC8C /* PBXContainerItemProxy */;
		};
/* End PBXTargetDependency section */

/* Begin XCBuildConfiguration section */
		A4EC62A02AB88E0A006ECC8C /* Debug */ = {
			isa = XCBuildConfiguration;
			buildSettings = {
				ALWAYS_SEARCH_USER_PATHS = NO;
				CLANG_ANALYZER_NONNULL = YES;
				CLANG_ANALYZER_NUMBER_OBJECT_CONVERSION = YES_AGGRESSIVE;
				CLANG_CXX_LANGUAGE_STANDARD = "gnu++20";
				CLANG_ENABLE_MODULES = YES;
				CLANG_ENABLE_OBJC_ARC = YES;
				CLANG_ENABLE_OBJC_WEAK = YES;
				CLANG_WARN_BLOCK_CAPTURE_AUTORELEASING = YES;
				CLANG_WARN_BOOL_CONVERSION = YES;
				CLANG_WARN_COMMA = YES;
				CLANG_WARN_CONSTANT_CONVERSION = YES;
				CLANG_WARN_DEPRECATED_OBJC_IMPLEMENTATIONS = YES;
				CLANG_WARN_DIRECT_OBJC_ISA_USAGE = YES_ERROR;
				CLANG_WARN_DOCUMENTATION_COMMENTS = YES;
				CLANG_WARN_EMPTY_BODY = YES;
				CLANG_WARN_ENUM_CONVERSION = YES;
				CLANG_WARN_INFINITE_RECURSION = YES;
				CLANG_WARN_INT_CONVERSION = YES;
				CLANG_WARN_NON_LITERAL_NULL_CONVERSION = YES;
				CLANG_WARN_OBJC_IMPLICIT_RETAIN_SELF = YES;
				CLANG_WARN_OBJC_LITERAL_CONVERSION = YES;
				CLANG_WARN_OBJC_ROOT_CLASS = YES_ERROR;
				CLANG_WARN_QUOTED_INCLUDE_IN_FRAMEWORK_HEADER = YES;
				CLANG_WARN_RANGE_LOOP_ANALYSIS = YES;
				CLANG_WARN_STRICT_PROTOTYPES = YES;
				CLANG_WARN_SUSPICIOUS_MOVE = YES;
				CLANG_WARN_UNGUARDED_AVAILABILITY = YES_AGGRESSIVE;
				CLANG_WARN_UNREACHABLE_CODE = YES;
				CLANG_WARN__DUPLICATE_METHOD_MATCH = YES;
				COPY_PHASE_STRIP = NO;
				DEBUG_INFORMATION_FORMAT = dwarf;
				ENABLE_STRICT_OBJC_MSGSEND = YES;
				ENABLE_TESTABILITY = YES;
				GCC_C_LANGUAGE_STANDARD = gnu11;
				GCC_DYNAMIC_NO_PIC = NO;
				GCC_NO_COMMON_BLOCKS = YES;
				GCC_OPTIMIZATION_LEVEL = 0;
				GCC_PREPROCESSOR_DEFINITIONS = (
					"DEBUG=1",
					"$(inherited)",
				);
				GCC_WARN_64_TO_32_BIT_CONVERSION = YES;
				GCC_WARN_ABOUT_RETURN_TYPE = YES_ERROR;
				GCC_WARN_UNDECLARED_SELECTOR = YES;
				GCC_WARN_UNINITIALIZED_AUTOS = YES_AGGRESSIVE;
				GCC_WARN_UNUSED_FUNCTION = YES;
				GCC_WARN_UNUSED_VARIABLE = YES;
				IPHONEOS_DEPLOYMENT_TARGET = 16.4;
				MTL_ENABLE_DEBUG_INFO = INCLUDE_SOURCE;
				MTL_FAST_MATH = YES;
				ONLY_ACTIVE_ARCH = YES;
				SDKROOT = macosx;
				SWIFT_ACTIVE_COMPILATION_CONDITIONS = DEBUG;
				SWIFT_OPTIMIZATION_LEVEL = "-Onone";
			};
			name = Debug;
		};
		A4EC62A12AB88E0A006ECC8C /* Release */ = {
			isa = XCBuildConfiguration;
			buildSettings = {
				ALWAYS_SEARCH_USER_PATHS = NO;
				CLANG_ANALYZER_NONNULL = YES;
				CLANG_ANALYZER_NUMBER_OBJECT_CONVERSION = YES_AGGRESSIVE;
				CLANG_CXX_LANGUAGE_STANDARD = "gnu++20";
				CLANG_ENABLE_MODULES = YES;
				CLANG_ENABLE_OBJC_ARC = YES;
				CLANG_ENABLE_OBJC_WEAK = YES;
				CLANG_WARN_BLOCK_CAPTURE_AUTORELEASING = YES;
				CLANG_WARN_BOOL_CONVERSION = YES;
				CLANG_WARN_COMMA = YES;
				CLANG_WARN_CONSTANT_CONVERSION = YES;
				CLANG_WARN_DEPRECATED_OBJC_IMPLEMENTATIONS = YES;
				CLANG_WARN_DIRECT_OBJC_ISA_USAGE = YES_ERROR;
				CLANG_WARN_DOCUMENTATION_COMMENTS = YES;
				CLANG_WARN_EMPTY_BODY = YES;
				CLANG_WARN_ENUM_CONVERSION = YES;
				CLANG_WARN_INFINITE_RECURSION = YES;
				CLANG_WARN_INT_CONVERSION = YES;
				CLANG_WARN_NON_LITERAL_NULL_CONVERSION = YES;
				CLANG_WARN_OBJC_IMPLICIT_RETAIN_SELF = YES;
				CLANG_WARN_OBJC_LITERAL_CONVERSION = YES;
				CLANG_WARN_OBJC_ROOT_CLASS = YES_ERROR;
				CLANG_WARN_QUOTED_INCLUDE_IN_FRAMEWORK_HEADER = YES;
				CLANG_WARN_RANGE_LOOP_ANALYSIS = YES;
				CLANG_WARN_STRICT_PROTOTYPES = YES;
				CLANG_WARN_SUSPICIOUS_MOVE = YES;
				CLANG_WARN_UNGUARDED_AVAILABILITY = YES_AGGRESSIVE;
				CLANG_WARN_UNREACHABLE_CODE = YES;
				CLANG_WARN__DUPLICATE_METHOD_MATCH = YES;
				COPY_PHASE_STRIP = NO;
				DEBUG_INFORMATION_FORMAT = "dwarf-with-dsym";
				ENABLE_NS_ASSERTIONS = NO;
				ENABLE_STRICT_OBJC_MSGSEND = YES;
				GCC_C_LANGUAGE_STANDARD = gnu11;
				GCC_NO_COMMON_BLOCKS = YES;
				GCC_WARN_64_TO_32_BIT_CONVERSION = YES;
				GCC_WARN_ABOUT_RETURN_TYPE = YES_ERROR;
				GCC_WARN_UNDECLARED_SELECTOR = YES;
				GCC_WARN_UNINITIALIZED_AUTOS = YES_AGGRESSIVE;
				GCC_WARN_UNUSED_FUNCTION = YES;
				GCC_WARN_UNUSED_VARIABLE = YES;
				IPHONEOS_DEPLOYMENT_TARGET = 16.4;
				MTL_ENABLE_DEBUG_INFO = NO;
				MTL_FAST_MATH = YES;
				SDKROOT = macosx;
				SWIFT_COMPILATION_MODE = wholemodule;
				SWIFT_OPTIMIZATION_LEVEL = "-O";
				VALIDATE_PRODUCT = YES;
			};
			name = Release;
		};
		A4EC62A32AB88E0A006ECC8C /* Debug */ = {
			isa = XCBuildConfiguration;
			buildSettings = {
				ASSETCATALOG_COMPILER_APPICON_NAME = AppIcon;
				ASSETCATALOG_COMPILER_GLOBAL_ACCENT_COLOR_NAME = AccentColor;
				CODE_SIGN_STYLE = Automatic;
				CURRENT_PROJECT_VERSION = 1;
				GENERATE_INFOPLIST_FILE = YES;
				INFOPLIST_FILE = IOSArchitecture/Info.plist;
				INFOPLIST_KEY_UIApplicationSupportsIndirectInputEvents = YES;
				INFOPLIST_KEY_UILaunchStoryboardName = LaunchScreen;
				INFOPLIST_KEY_UIMainStoryboardFile = Main;
				INFOPLIST_KEY_UISupportedInterfaceOrientations_iPad = "UIInterfaceOrientationPortrait UIInterfaceOrientationPortraitUpsideDown UIInterfaceOrientationLandscapeLeft UIInterfaceOrientationLandscapeRight";
				INFOPLIST_KEY_UISupportedInterfaceOrientations_iPhone = "UIInterfaceOrientationPortrait UIInterfaceOrientationLandscapeLeft UIInterfaceOrientationLandscapeRight";
				LD_RUNPATH_SEARCH_PATHS = (
					"$(inherited)",
					"@executable_path/Frameworks",
				);
				MARKETING_VERSION = 1.0;
				PRODUCT_BUNDLE_IDENTIFIER = app.com.IOSArchitecture;
				PRODUCT_NAME = "$(TARGET_NAME)";
				SWIFT_EMIT_LOC_STRINGS = YES;
				SWIFT_VERSION = 5.0;
				TARGETED_DEVICE_FAMILY = "1,2";
			};
			name = Debug;
		};
		A4EC62A42AB88E0A006ECC8C /* Release */ = {
			isa = XCBuildConfiguration;
			buildSettings = {
				ASSETCATALOG_COMPILER_APPICON_NAME = AppIcon;
				ASSETCATALOG_COMPILER_GLOBAL_ACCENT_COLOR_NAME = AccentColor;
				CODE_SIGN_STYLE = Automatic;
				CURRENT_PROJECT_VERSION = 1;
				GENERATE_INFOPLIST_FILE = YES;
				INFOPLIST_FILE = IOSArchitecture/Info.plist;
				INFOPLIST_KEY_UIApplicationSupportsIndirectInputEvents = YES;
				INFOPLIST_KEY_UILaunchStoryboardName = LaunchScreen;
				INFOPLIST_KEY_UIMainStoryboardFile = Main;
				INFOPLIST_KEY_UISupportedInterfaceOrientations_iPad = "UIInterfaceOrientationPortrait UIInterfaceOrientationPortraitUpsideDown UIInterfaceOrientationLandscapeLeft UIInterfaceOrientationLandscapeRight";
				INFOPLIST_KEY_UISupportedInterfaceOrientations_iPhone = "UIInterfaceOrientationPortrait UIInterfaceOrientationLandscapeLeft UIInterfaceOrientationLandscapeRight";
				LD_RUNPATH_SEARCH_PATHS = (
					"$(inherited)",
					"@executable_path/Frameworks",
				);
				MARKETING_VERSION = 1.0;
				PRODUCT_BUNDLE_IDENTIFIER = app.com.IOSArchitecture;
				PRODUCT_NAME = "$(TARGET_NAME)";
				SWIFT_EMIT_LOC_STRINGS = YES;
				SWIFT_VERSION = 5.0;
				TARGETED_DEVICE_FAMILY = "1,2";
			};
			name = Release;
		};
		A4EC62A62AB88E0A006ECC8C /* Debug */ = {
			isa = XCBuildConfiguration;
			buildSettings = {
				ALWAYS_EMBED_SWIFT_STANDARD_LIBRARIES = YES;
				BUNDLE_LOADER = "$(TEST_HOST)";
				CODE_SIGN_STYLE = Automatic;
				CURRENT_PROJECT_VERSION = 1;
				GENERATE_INFOPLIST_FILE = YES;
				IPHONEOS_DEPLOYMENT_TARGET = 16.4;
				MARKETING_VERSION = 1.0;
				PRODUCT_BUNDLE_IDENTIFIER = app.com.IOSArchitectureTests;
				PRODUCT_NAME = "$(TARGET_NAME)";
				SWIFT_EMIT_LOC_STRINGS = NO;
				SWIFT_VERSION = 5.0;
				TARGETED_DEVICE_FAMILY = 1;
				TEST_HOST = "$(BUILT_PRODUCTS_DIR)/IOSArchitecture.app/$(BUNDLE_EXECUTABLE_FOLDER_PATH)/IOSArchitecture";
			};
			name = Debug;
		};
		A4EC62A72AB88E0A006ECC8C /* Release */ = {
			isa = XCBuildConfiguration;
			buildSettings = {
				ALWAYS_EMBED_SWIFT_STANDARD_LIBRARIES = YES;
				BUNDLE_LOADER = "$(TEST_HOST)";
				CODE_SIGN_STYLE = Automatic;
				CURRENT_PROJECT_VERSION = 1;
				GENERATE_INFOPLIST_FILE = YES;
				IPHONEOS_DEPLOYMENT_TARGET = 16.4;
				MARKETING_VERSION = 1.0;
				PRODUCT_BUNDLE_IDENTIFIER = app.com.IOSArchitectureTests;
				PRODUCT_NAME = "$(TARGET_NAME)";
				SWIFT_EMIT_LOC_STRINGS = NO;
				SWIFT_VERSION = 5.0;
				TARGETED_DEVICE_FAMILY = 1;
				TEST_HOST = "$(BUILT_PRODUCTS_DIR)/IOSArchitecture.app/$(BUNDLE_EXECUTABLE_FOLDER_PATH)/IOSArchitecture";
			};
			name = Release;
		};
		A4EC62A92AB88E0A006ECC8C /* Debug */ = {
			isa = XCBuildConfiguration;
			buildSettings = {
				ALWAYS_EMBED_SWIFT_STANDARD_LIBRARIES = YES;
				CODE_SIGN_STYLE = Automatic;
				CURRENT_PROJECT_VERSION = 1;
				GENERATE_INFOPLIST_FILE = YES;
				MARKETING_VERSION = 1.0;
				PRODUCT_BUNDLE_IDENTIFIER = app.com.IOSArchitectureUITests;
				PRODUCT_NAME = "$(TARGET_NAME)";
				SWIFT_EMIT_LOC_STRINGS = NO;
				SWIFT_VERSION = 5.0;
				TARGETED_DEVICE_FAMILY = "1,2";
				TEST_TARGET_NAME = IOSArchitecture;
			};
			name = Debug;
		};
		A4EC62AA2AB88E0A006ECC8C /* Release */ = {
			isa = XCBuildConfiguration;
			buildSettings = {
				ALWAYS_EMBED_SWIFT_STANDARD_LIBRARIES = YES;
				CODE_SIGN_STYLE = Automatic;
				CURRENT_PROJECT_VERSION = 1;
				GENERATE_INFOPLIST_FILE = YES;
				MARKETING_VERSION = 1.0;
				PRODUCT_BUNDLE_IDENTIFIER = app.com.IOSArchitectureUITests;
				PRODUCT_NAME = "$(TARGET_NAME)";
				SWIFT_EMIT_LOC_STRINGS = NO;
				SWIFT_VERSION = 5.0;
				TARGETED_DEVICE_FAMILY = "1,2";
				TEST_TARGET_NAME = IOSArchitecture;
			};
			name = Release;
		};
/* End XCBuildConfiguration section */

/* Begin XCConfigurationList section */
		A4EC62732AB88E07006ECC8C /* Build configuration list for PBXProject "IOSArchitecture" */ = {
			isa = XCConfigurationList;
			buildConfigurations = (
				A4EC62A02AB88E0A006ECC8C /* Debug */,
				A4EC62A12AB88E0A006ECC8C /* Release */,
			);
			defaultConfigurationIsVisible = 0;
			defaultConfigurationName = Release;
		};
		A4EC62A22AB88E0A006ECC8C /* Build configuration list for PBXNativeTarget "IOSArchitecture" */ = {
			isa = XCConfigurationList;
			buildConfigurations = (
				A4EC62A32AB88E0A006ECC8C /* Debug */,
				A4EC62A42AB88E0A006ECC8C /* Release */,
			);
			defaultConfigurationIsVisible = 0;
			defaultConfigurationName = Release;
		};
		A4EC62A52AB88E0A006ECC8C /* Build configuration list for PBXNativeTarget "IOSArchitectureTests" */ = {
			isa = XCConfigurationList;
			buildConfigurations = (
				A4EC62A62AB88E0A006ECC8C /* Debug */,
				A4EC62A72AB88E0A006ECC8C /* Release */,
			);
			defaultConfigurationIsVisible = 0;
			defaultConfigurationName = Release;
		};
		A4EC62A82AB88E0A006ECC8C /* Build configuration list for PBXNativeTarget "IOSArchitectureUITests" */ = {
			isa = XCConfigurationList;
			buildConfigurations = (
				A4EC62A92AB88E0A006ECC8C /* Debug */,
				A4EC62AA2AB88E0A006ECC8C /* Release */,
			);
			defaultConfigurationIsVisible = 0;
			defaultConfigurationName = Release;
		};
/* End XCConfigurationList section */
	};
	rootObject = A4EC62702AB88E07006ECC8C /* Project object */;
}
